
Microsoft Visual Studio Solution File, Format Version 12.00
# Visual Studio Version 17
VisualStudioVersion = 17.9.34723.18
MinimumVisualStudioVersion = 10.0.40219.1
Project("{FAE04EC0-301F-11D3-BF4B-00C04F79EFBC}") = "SignalR.WSA", "SignalR.WSA\SignalR.WSA\SignalR.WSA.csproj", "{D916CBF8-80F9-46F3-8B65-E28BF6D66934}"
EndProject
Project("{FAE04EC0-301F-11D3-BF4B-00C04F79EFBC}") = "SignalR.WSA.Client", "SignalR.WSA\SignalR.WSA.Client\SignalR.WSA.Client.csproj", "{B7487886-6418-48A4-83C4-0DB55722202A}"
EndProject
Project("{FAE04EC0-301F-11D3-BF4B-00C04F79EFBC}") = "SignalR.WSA.Shared", "SignalR.WSA.Shared\SignalR.WSA.Shared.csproj", "{21CAF9D8-B16C-4A82-9AFE-99BC83946B13}"
EndProject
Global
	GlobalSection(SolutionConfigurationPlatforms) = preSolution
		Debug|Any CPU = Debug|Any CPU
		Release|Any CPU = Release|Any CPU
	EndGlobalSection
	GlobalSection(ProjectConfigurationPlatforms) = postSolution
		{D916CBF8-80F9-46F3-8B65-E28BF6D66934}.Debug|Any CPU.ActiveCfg = Debug|Any CPU
		{D916CBF8-80F9-46F3-8B65-E28BF6D66934}.Debug|Any CPU.Build.0 = Debug|Any CPU
		{D916CBF8-80F9-46F3-8B65-E28BF6D66934}.Release|Any CPU.ActiveCfg = Release|Any CPU
		{D916CBF8-80F9-46F3-8B65-E28BF6D66934}.Release|Any CPU.Build.0 = Release|Any CPU
		{B7487886-6418-48A4-83C4-0DB55722202A}.Debug|Any CPU.ActiveCfg = Debug|Any CPU
		{B7487886-6418-48A4-83C4-0DB55722202A}.Debug|Any CPU.Build.0 = Debug|Any CPU
		{B7487886-6418-48A4-83C4-0DB55722202A}.Release|Any CPU.ActiveCfg = Release|Any CPU
		{B7487886-6418-48A4-83C4-0DB55722202A}.Release|Any CPU.Build.0 = Release|Any CPU
		{21CAF9D8-B16C-4A82-9AFE-99BC83946B13}.Debug|Any CPU.ActiveCfg = Debug|Any CPU
		{21CAF9D8-B16C-4A82-9AFE-99BC83946B13}.Debug|Any CPU.Build.0 = Debug|Any CPU
		{21CAF9D8-B16C-4A82-9AFE-99BC83946B13}.Release|Any CPU.ActiveCfg = Release|Any CPU
		{21CAF9D8-B16C-4A82-9AFE-99BC83946B13}.Release|Any CPU.Build.0 = Release|Any CPU
	EndGlobalSection
	GlobalSection(SolutionProperties) = preSolution
		HideSolutionNode = FALSE
	EndGlobalSection
	GlobalSection(ExtensibilityGlobals) = postSolution
		SolutionGuid = {91509FD9-58F7-4FA7-898D-0376C660AF2D}
	EndGlobalSection
EndGlobal
